
Microsoft Visual Studio Solution File, Format Version 12.00
# Visual Studio Version 16
VisualStudioVersion = 16.0.31424.327
MinimumVisualStudioVersion = 10.0.40219.1
Project("{FAE04EC0-301F-11D3-BF4B-00C04F79EFBC}") = "Comida", "Comida\Comida.csproj", "{494205B9-0DAB-44E0-A5B5-666E8463BE6F}"
EndProject
Global
	GlobalSection(SolutionConfigurationPlatforms) = preSolution
		Debug|Any CPU = Debug|Any CPU
		Release|Any CPU = Release|Any CPU
	EndGlobalSection
	GlobalSection(ProjectConfigurationPlatforms) = postSolution
		{494205B9-0DAB-44E0-A5B5-666E8463BE6F}.Debug|Any CPU.ActiveCfg = Debug|Any CPU
		{494205B9-0DAB-44E0-A5B5-666E8463BE6F}.Debug|Any CPU.Build.0 = Debug|Any CPU
		{494205B9-0DAB-44E0-A5B5-666E8463BE6F}.Release|Any CPU.ActiveCfg = Release|Any CPU
		{494205B9-0DAB-44E0-A5B5-666E8463BE6F}.Release|Any CPU.Build.0 = Release|Any CPU
	EndGlobalSection
	GlobalSection(SolutionProperties) = preSolution
		HideSolutionNode = FALSE
	EndGlobalSection
	GlobalSection(ExtensibilityGlobals) = postSolution
		SolutionGuid = {532EC9EA-F8BD-49D7-B253-FD0B51A2ADCD}
	EndGlobalSection
EndGlobal
